
Microsoft Visual Studio Solution File, Format Version 12.00
# Visual Studio Version 17
VisualStudioVersion = 17.0.31919.166
MinimumVisualStudioVersion = 10.0.40219.1
Project("{2150E333-8FDC-42A3-9474-1A3956D46DE8}") = "Application", "Application", "{C3A9EC2C-AB33-4ACC-A17F-B233E3F8F11B}"
EndProject
Project("{2150E333-8FDC-42A3-9474-1A3956D46DE8}") = "Domain", "Domain", "{5EF095E9-CA56-4B9A-8B8A-4341A16494E1}"
EndProject
Project("{2150E333-8FDC-42A3-9474-1A3956D46DE8}") = "Infra.IoC", "Infra.IoC", "{1315B281-048F-42C1-AAAE-97FB7181CCB3}"
EndProject
Project("{2150E333-8FDC-42A3-9474-1A3956D46DE8}") = "Infra.Data", "Infra.Data", "{322FBC43-9D0C-441B-B125-D4029BD62E63}"
EndProject
Project("{2150E333-8FDC-42A3-9474-1A3956D46DE8}") = "Presentation", "Presentation", "{52764A7C-B17B-41FD-BE09-58303BB72D1A}"
EndProject
Project("{9A19103F-16F7-4668-BE54-9A1E7A4F7556}") = "CleanArchP.Mvc", "CleanArchP.Mvc\CleanArchP.Mvc.csproj", "{005180E0-616E-400C-B6C0-D8C82D0D642F}"
EndProject
Project("{9A19103F-16F7-4668-BE54-9A1E7A4F7556}") = "CleanArch.Domain", "CleanArch.Domain\CleanArch.Domain.csproj", "{291A4330-2D8D-459C-B82A-227DC1FAFCF4}"
EndProject
Project("{FAE04EC0-301F-11D3-BF4B-00C04F79EFBC}") = "CleanArch.Infra.Data", "CleanArch.Infra.Data\CleanArch.Infra.Data.csproj", "{7991EE52-D841-4350-9A72-2D6D82B091AF}"
EndProject
Project("{FAE04EC0-301F-11D3-BF4B-00C04F79EFBC}") = "CleanArch.Application", "CleanArch.Application\CleanArch.Application.csproj", "{927393A6-944A-4404-B46C-8ED36E0F974B}"
EndProject
Project("{FAE04EC0-301F-11D3-BF4B-00C04F79EFBC}") = "CleanArch.Infra.IoC", "CleanArch.Infra.IoC\CleanArch.Infra.IoC.csproj", "{8C37C8CB-D300-4B1C-BA26-EBACF5B78825}"
EndProject
Project("{2150E333-8FDC-42A3-9474-1A3956D46DE8}") = "Infra.Bus", "Infra.Bus", "{95672E89-B95B-4D12-A275-F2C450FE2C6A}"
EndProject
Project("{2150E333-8FDC-42A3-9474-1A3956D46DE8}") = "Api", "Api", "{CA1B1D29-CFC7-4B2F-9C65-72C8A389871B}"
EndProject
Project("{FAE04EC0-301F-11D3-BF4B-00C04F79EFBC}") = "CleanArch.Infra.Bus", "CleanArch.Infra.Bus\CleanArch.Infra.Bus.csproj", "{713FBA4B-5F9B-422D-A42F-27424C531880}"
EndProject
Project("{FAE04EC0-301F-11D3-BF4B-00C04F79EFBC}") = "CleanArch.Domain.Core", "CleanArch.Domain.Core\CleanArch.Domain.Core.csproj", "{8BD38DF9-F7F3-4F95-8D66-723001766EE4}"
EndProject
Project("{FAE04EC0-301F-11D3-BF4B-00C04F79EFBC}") = "CleanArch.Api", "CleanArch.Api\CleanArch.Api.csproj", "{478F9AB7-A13E-4CB8-A1CF-C5163F4D7006}"
EndProject
Global
	GlobalSection(SolutionConfigurationPlatforms) = preSolution
		Debug|Any CPU = Debug|Any CPU
		Release|Any CPU = Release|Any CPU
	EndGlobalSection
	GlobalSection(ProjectConfigurationPlatforms) = postSolution
		{005180E0-616E-400C-B6C0-D8C82D0D642F}.Debug|Any CPU.ActiveCfg = Debug|Any CPU
		{005180E0-616E-400C-B6C0-D8C82D0D642F}.Debug|Any CPU.Build.0 = Debug|Any CPU
		{005180E0-616E-400C-B6C0-D8C82D0D642F}.Release|Any CPU.ActiveCfg = Release|Any CPU
		{005180E0-616E-400C-B6C0-D8C82D0D642F}.Release|Any CPU.Build.0 = Release|Any CPU
		{291A4330-2D8D-459C-B82A-227DC1FAFCF4}.Debug|Any CPU.ActiveCfg = Debug|Any CPU
		{291A4330-2D8D-459C-B82A-227DC1FAFCF4}.Debug|Any CPU.Build.0 = Debug|Any CPU
		{291A4330-2D8D-459C-B82A-227DC1FAFCF4}.Release|Any CPU.ActiveCfg = Release|Any CPU
		{291A4330-2D8D-459C-B82A-227DC1FAFCF4}.Release|Any CPU.Build.0 = Release|Any CPU
		{7991EE52-D841-4350-9A72-2D6D82B091AF}.Debug|Any CPU.ActiveCfg = Debug|Any CPU
		{7991EE52-D841-4350-9A72-2D6D82B091AF}.Debug|Any CPU.Build.0 = Debug|Any CPU
		{7991EE52-D841-4350-9A72-2D6D82B091AF}.Release|Any CPU.ActiveCfg = Release|Any CPU
		{7991EE52-D841-4350-9A72-2D6D82B091AF}.Release|Any CPU.Build.0 = Release|Any CPU
		{927393A6-944A-4404-B46C-8ED36E0F974B}.Debug|Any CPU.ActiveCfg = Debug|Any CPU
		{927393A6-944A-4404-B46C-8ED36E0F974B}.Debug|Any CPU.Build.0 = Debug|Any CPU
		{927393A6-944A-4404-B46C-8ED36E0F974B}.Release|Any CPU.ActiveCfg = Release|Any CPU
		{927393A6-944A-4404-B46C-8ED36E0F974B}.Release|Any CPU.Build.0 = Release|Any CPU
		{8C37C8CB-D300-4B1C-BA26-EBACF5B78825}.Debug|Any CPU.ActiveCfg = Debug|Any CPU
		{8C37C8CB-D300-4B1C-BA26-EBACF5B78825}.Debug|Any CPU.Build.0 = Debug|Any CPU
		{8C37C8CB-D300-4B1C-BA26-EBACF5B78825}.Release|Any CPU.ActiveCfg = Release|Any CPU
		{8C37C8CB-D300-4B1C-BA26-EBACF5B78825}.Release|Any CPU.Build.0 = Release|Any CPU
		{713FBA4B-5F9B-422D-A42F-27424C531880}.Debug|Any CPU.ActiveCfg = Debug|Any CPU
		{713FBA4B-5F9B-422D-A42F-27424C531880}.Debug|Any CPU.Build.0 = Debug|Any CPU
		{713FBA4B-5F9B-422D-A42F-27424C531880}.Release|Any CPU.ActiveCfg = Release|Any CPU
		{713FBA4B-5F9B-422D-A42F-27424C531880}.Release|Any CPU.Build.0 = Release|Any CPU
		{8BD38DF9-F7F3-4F95-8D66-723001766EE4}.Debug|Any CPU.ActiveCfg = Debug|Any CPU
		{8BD38DF9-F7F3-4F95-8D66-723001766EE4}.Debug|Any CPU.Build.0 = Debug|Any CPU
		{8BD38DF9-F7F3-4F95-8D66-723001766EE4}.Release|Any CPU.ActiveCfg = Release|Any CPU
		{8BD38DF9-F7F3-4F95-8D66-723001766EE4}.Release|Any CPU.Build.0 = Release|Any CPU
		{478F9AB7-A13E-4CB8-A1CF-C5163F4D7006}.Debug|Any CPU.ActiveCfg = Debug|Any CPU
		{478F9AB7-A13E-4CB8-A1CF-C5163F4D7006}.Debug|Any CPU.Build.0 = Debug|Any CPU
		{478F9AB7-A13E-4CB8-A1CF-C5163F4D7006}.Release|Any CPU.ActiveCfg = Release|Any CPU
		{478F9AB7-A13E-4CB8-A1CF-C5163F4D7006}.Release|Any CPU.Build.0 = Release|Any CPU
	EndGlobalSection
	GlobalSection(SolutionProperties) = preSolution
		HideSolutionNode = FALSE
	EndGlobalSection
	GlobalSection(NestedProjects) = preSolution
		{005180E0-616E-400C-B6C0-D8C82D0D642F} = {52764A7C-B17B-41FD-BE09-58303BB72D1A}
		{291A4330-2D8D-459C-B82A-227DC1FAFCF4} = {5EF095E9-CA56-4B9A-8B8A-4341A16494E1}
		{7991EE52-D841-4350-9A72-2D6D82B091AF} = {322FBC43-9D0C-441B-B125-D4029BD62E63}
		{927393A6-944A-4404-B46C-8ED36E0F974B} = {C3A9EC2C-AB33-4ACC-A17F-B233E3F8F11B}
		{8C37C8CB-D300-4B1C-BA26-EBACF5B78825} = {1315B281-048F-42C1-AAAE-97FB7181CCB3}
		{713FBA4B-5F9B-422D-A42F-27424C531880} = {95672E89-B95B-4D12-A275-F2C450FE2C6A}
		{8BD38DF9-F7F3-4F95-8D66-723001766EE4} = {5EF095E9-CA56-4B9A-8B8A-4341A16494E1}
		{478F9AB7-A13E-4CB8-A1CF-C5163F4D7006} = {CA1B1D29-CFC7-4B2F-9C65-72C8A389871B}
	EndGlobalSection
	GlobalSection(ExtensibilityGlobals) = postSolution
		SolutionGuid = {9D2AD689-E018-4D6F-882A-429F077C58D7}
	EndGlobalSection
EndGlobal
